
Microsoft Visual Studio Solution File, Format Version 12.00
# Visual Studio 15
VisualStudioVersion = 15.0.28307.136
MinimumVisualStudioVersion = 10.0.40219.1
Project("{FAE04EC0-301F-11D3-BF4B-00C04F79EFBC}") = "FilmTakipSitesiCET322", "FilmTakipSitesiCET322\FilmTakipSitesiCET322.csproj", "{03229414-E0C5-4859-8E61-806587415BC1}"
EndProject
Global
	GlobalSection(SolutionConfigurationPlatforms) = preSolution
		Debug|Any CPU = Debug|Any CPU
		Release|Any CPU = Release|Any CPU
	EndGlobalSection
	GlobalSection(ProjectConfigurationPlatforms) = postSolution
		{03229414-E0C5-4859-8E61-806587415BC1}.Debug|Any CPU.ActiveCfg = Debug|Any CPU
		{03229414-E0C5-4859-8E61-806587415BC1}.Debug|Any CPU.Build.0 = Debug|Any CPU
		{03229414-E0C5-4859-8E61-806587415BC1}.Release|Any CPU.ActiveCfg = Release|Any CPU
		{03229414-E0C5-4859-8E61-806587415BC1}.Release|Any CPU.Build.0 = Release|Any CPU
	EndGlobalSection
	GlobalSection(SolutionProperties) = preSolution
		HideSolutionNode = FALSE
	EndGlobalSection
	GlobalSection(ExtensibilityGlobals) = postSolution
		SolutionGuid = {608DD714-C123-4CF3-8DE4-380CEC86C2DA}
	EndGlobalSection
EndGlobal
